lock-format 1
resolver-version 1
resolution-input protos-resolution-input-v1 sha256:6f2526d30fdc07e44c319bdb194eb0e7fafadcd61768eb36fc13917abf2fc2c5

root workspace "root"
registry-node registry "external-a" "1.0.0" locator "pkg" authority "public" content protos-package-tree-v1 sha256:7ed371c3de89d7586cf1a9470eb0f197ab57cba93e429ffe55face7fdbd61dcb
dependency workspace "root" alias "reg" target registry "external-a" "1.0.0"
dependency registry "external-a" "1.0.0" alias "missing" target registry "not-present" "1.0.0"
