lock-format 1
resolver-version 1
resolution-input protos-resolution-input-v1 sha256:6f2526d30fdc07e44c319bdb194eb0e7fafadcd61768eb36fc13917abf2fc2c5

root workspace "root"
registry-node registry "external-id" "1.0.0" locator "pkg" authority "public" content protos-tree-v1 sha256:1111111111111111111111111111111111111111111111111111111111111111
dependency workspace "root" alias "reg" target registry "external-id" "1.0.0"
