lock-format 1
resolver-version 1
resolution-input protos-resolution-input-v1 sha256:6f2526d30fdc07e44c319bdb194eb0e7fafadcd61768eb36fc13917abf2fc2c5

root workspace "root"
registry-node registry "external-a" "1.0.0" locator "pkg" authority "public" content protos-package-tree-v1 sha256:5c2e8af458daf38c3e42ee3a68a928aa5ad2701166a59e6cabfb38645efe6f1a
registry-node registry "external-b" "2.1.0" locator "pkg-b" authority "public" content protos-package-tree-v1 sha256:9f7a40f88c9c231748feb4ed242a4ebe9ec5f06cb732afd4e80706fd160a8ac0
git-node git "external-c" "abc123" fetch "https://example.invalid/c.git" content protos-package-tree-v1 sha256:5876918795e50c16907ac40404b99e391fecb4302c02debbf246d4cfa1199222
dependency workspace "root" alias "reg" target registry "external-a" "1.0.0"
dependency registry "external-a" "1.0.0" alias "depgit" target git "external-c" "abc123"
dependency registry "external-a" "1.0.0" alias "depreg" target registry "external-b" "2.1.0"
